
Microsoft Visual Studio Solution File, Format Version 12.00
Project("{FAE04EC0-301F-11D3-BF4B-00C04F79EFBC}") = "SegmentChallengeWeb", "SegmentChallengeWeb\SegmentChallengeWeb.csproj", "{CCBFC88D-6388-4886-93DD-61FB3371ED8F}"
EndProject
Project("{2150E333-8FDC-42A3-9474-1A3956D46DE8}") = "docker", "docker", "{AEF7078B-D412-4303-A07D-FA58F1028BDC}"
ProjectSection(SolutionItems) = preProject
	Dockerfile = Dockerfile
	docker-compose.yml = docker-compose.yml
EndProjectSection
EndProject
Project("{2150E333-8FDC-42A3-9474-1A3956D46DE8}") = "sql", "sql", "{F05D3915-F606-448F-A78E-DC25E948DE3E}"
ProjectSection(SolutionItems) = preProject
	sql\segment_challenge.sql = sql\segment_challenge.sql
	sql\migration_00001.up.sql = sql\migration_00001.up.sql
	sql\migration_00002.up.sql = sql\migration_00002.up.sql
	sql\migration_00003.up.sql = sql\migration_00003.up.sql
	sql\migration_00004.up.sql = sql\migration_00004.up.sql
	sql\migration_00005.up.sql = sql\migration_00005.up.sql
EndProjectSection
EndProject
Global
	GlobalSection(SolutionConfigurationPlatforms) = preSolution
		Debug|Any CPU = Debug|Any CPU
		Release|Any CPU = Release|Any CPU
	EndGlobalSection
	GlobalSection(ProjectConfigurationPlatforms) = postSolution
		{CCBFC88D-6388-4886-93DD-61FB3371ED8F}.Debug|Any CPU.ActiveCfg = Debug|Any CPU
		{CCBFC88D-6388-4886-93DD-61FB3371ED8F}.Debug|Any CPU.Build.0 = Debug|Any CPU
		{CCBFC88D-6388-4886-93DD-61FB3371ED8F}.Release|Any CPU.ActiveCfg = Release|Any CPU
		{CCBFC88D-6388-4886-93DD-61FB3371ED8F}.Release|Any CPU.Build.0 = Release|Any CPU
	EndGlobalSection
EndGlobal
